// !$*UTF8*$!
{
	archiveVersion = 1;
	classes = {
	};
	objectVersion = 52;
	objects = {

/* Begin PBXBuildFile section */
		E32A9E0D24BD6DD900D9FF4C /* CoreNativeExtension.xcframework in Frameworks */ = {isa = PBXBuildFile; fileRef = E32A9E0C24BD6DD900D9FF4C /* CoreNativeExtension.xcframework */; };
		E33ED8AA1BBD15AE00D23A8C /* DTIDFAEventDispatcherDelegate.h in Headers */ = {isa = PBXBuildFile; fileRef = E33ED8A91BBD15AE00D23A8C /* DTIDFAEventDispatcherDelegate.h */; };
		E34D85B31BB0D81B000DA3F9 /* DTIDFATag.h in Headers */ = {isa = PBXBuildFile; fileRef = E34D85B21BB0D81B000DA3F9 /* DTIDFATag.h */; };
		E34D85BA1BB0D88D000DA3F9 /* DTIDFAEventDispatcher.h in Headers */ = {isa = PBXBuildFile; fileRef = E34D85B81BB0D88D000DA3F9 /* DTIDFAEventDispatcher.h */; };
		E34D85BB1BB0D88D000DA3F9 /* DTIDFAEventDispatcher.m in Sources */ = {isa = PBXBuildFile; fileRef = E34D85B91BB0D88D000DA3F9 /* DTIDFAEventDispatcher.m */; };
		E3638B951F1CB34C005EDAF9 /* DTIDFAController.h in Headers */ = {isa = PBXBuildFile; fileRef = E3638B921F1CB34C005EDAF9 /* DTIDFAController.h */; };
		E3638B961F1CB34C005EDAF9 /* DTIDFAController.m in Sources */ = {isa = PBXBuildFile; fileRef = E3638B931F1CB34C005EDAF9 /* DTIDFAController.m */; };
		E3638B991F1CB35E005EDAF9 /* DTIDFAEvent.h in Headers */ = {isa = PBXBuildFile; fileRef = E3638B971F1CB35E005EDAF9 /* DTIDFAEvent.h */; };
		E3638B9A1F1CB35E005EDAF9 /* DTIDFAEvent.m in Sources */ = {isa = PBXBuildFile; fileRef = E3638B981F1CB35E005EDAF9 /* DTIDFAEvent.m */; };
		E3F4A7B6153D8C110057A446 /* Foundation.framework in Frameworks */ = {isa = PBXBuildFile; fileRef = E3F4A7B5153D8C110057A446 /* Foundation.framework */; };
		E3F4A7BC153D8C110057A446 /* IDFA.m in Sources */ = {isa = PBXBuildFile; fileRef = E3F4A7BB153D8C110057A446 /* IDFA.m */; };
		E3F4A7C3153D8C4A0057A446 /* FlashRuntimeExtensions.h in Headers */ = {isa = PBXBuildFile; fileRef = E3F4A7C2153D8C4A0057A446 /* FlashRuntimeExtensions.h */; };
		E3FD7C821898742800881968 /* UIKit.framework in Frameworks */ = {isa = PBXBuildFile; fileRef = E33692DA17CF44850021F35A /* UIKit.framework */; };
/* End PBXBuildFile section */

/* Begin PBXFileReference section */
		E32A9E0C24BD6DD900D9FF4C /* CoreNativeExtension.xcframework */ = {isa = PBXFileReference; lastKnownFileType = wrapper.xcframework; name = CoreNativeExtension.xcframework; path = ../../../../../supportlibs/corelibraries/build/ios/CoreNativeExtension.xcframework; sourceTree = "<group>"; };
		E33692DA17CF44850021F35A /* UIKit.framework */ = {isa = PBXFileReference; lastKnownFileType = wrapper.framework; name = UIKit.framework; path = System/Library/Frameworks/UIKit.framework; sourceTree = SDKROOT; };
		E33ED8A91BBD15AE00D23A8C /* DTIDFAEventDispatcherDelegate.h */ = {isa = PBXFileReference; fileEncoding = 4; lastKnownFileType = sourcecode.c.h; path = DTIDFAEventDispatcherDelegate.h; sourceTree = "<group>"; };
		E34D85B21BB0D81B000DA3F9 /* DTIDFATag.h */ = {isa = PBXFileReference; fileEncoding = 4; lastKnownFileType = sourcecode.c.h; path = DTIDFATag.h; sourceTree = "<group>"; };
		E34D85B81BB0D88D000DA3F9 /* DTIDFAEventDispatcher.h */ = {isa = PBXFileReference; fileEncoding = 4; lastKnownFileType = sourcecode.c.h; path = DTIDFAEventDispatcher.h; sourceTree = "<group>"; };
		E34D85B91BB0D88D000DA3F9 /* DTIDFAEventDispatcher.m */ = {isa = PBXFileReference; fileEncoding = 4; lastKnownFileType = sourcecode.c.objc; path = DTIDFAEventDispatcher.m; sourceTree = "<group>"; };
		E3638B921F1CB34C005EDAF9 /* DTIDFAController.h */ = {isa = PBXFileReference; fileEncoding = 4; lastKnownFileType = sourcecode.c.h; path = DTIDFAController.h; sourceTree = "<group>"; };
		E3638B931F1CB34C005EDAF9 /* DTIDFAController.m */ = {isa = PBXFileReference; fileEncoding = 4; lastKnownFileType = sourcecode.c.objc; path = DTIDFAController.m; sourceTree = "<group>"; };
		E3638B971F1CB35E005EDAF9 /* DTIDFAEvent.h */ = {isa = PBXFileReference; fileEncoding = 4; lastKnownFileType = sourcecode.c.h; path = DTIDFAEvent.h; sourceTree = "<group>"; };
		E3638B981F1CB35E005EDAF9 /* DTIDFAEvent.m */ = {isa = PBXFileReference; fileEncoding = 4; lastKnownFileType = sourcecode.c.objc; path = DTIDFAEvent.m; sourceTree = "<group>"; };
		E3F4A7B2153D8C110057A446 /* libIDFA.a */ = {isa = PBXFileReference; explicitFileType = archive.ar; includeInIndex = 0; path = libIDFA.a; sourceTree = BUILT_PRODUCTS_DIR; };
		E3F4A7B5153D8C110057A446 /* Foundation.framework */ = {isa = PBXFileReference; lastKnownFileType = wrapper.framework; name = Foundation.framework; path = System/Library/Frameworks/Foundation.framework; sourceTree = SDKROOT; };
		E3F4A7B9153D8C110057A446 /* IDFA-Prefix.pch */ = {isa = PBXFileReference; lastKnownFileType = sourcecode.c.h; path = "IDFA-Prefix.pch"; sourceTree = "<group>"; };
		E3F4A7BB153D8C110057A446 /* IDFA.m */ = {isa = PBXFileReference; lastKnownFileType = sourcecode.c.objc; path = IDFA.m; sourceTree = "<group>"; };
		E3F4A7C2153D8C4A0057A446 /* FlashRuntimeExtensions.h */ = {isa = PBXFileReference; fileEncoding = 4; lastKnownFileType = sourcecode.c.h; path = FlashRuntimeExtensions.h; sourceTree = "<group>"; };
/* End PBXFileReference section */

/* Begin PBXFrameworksBuildPhase section */
		E3F4A7AF153D8C110057A446 /* Frameworks */ = {
			isa = PBXFrameworksBuildPhase;
			buildActionMask = 2147483647;
			files = (
				E3FD7C821898742800881968 /* UIKit.framework in Frameworks */,
				E3F4A7B6153D8C110057A446 /* Foundation.framework in Frameworks */,
				E32A9E0D24BD6DD900D9FF4C /* CoreNativeExtension.xcframework in Frameworks */,
			);
			runOnlyForDeploymentPostprocessing = 0;
		};
/* End PBXFrameworksBuildPhase section */

/* Begin PBXGroup section */
		E3638B911F1CB34C005EDAF9 /* controller */ = {
			isa = PBXGroup;
			children = (
				E3638B921F1CB34C005EDAF9 /* DTIDFAController.h */,
				E3638B931F1CB34C005EDAF9 /* DTIDFAController.m */,
			);
			path = controller;
			sourceTree = "<group>";
		};
		E3638B941F1CB34C005EDAF9 /* events */ = {
			isa = PBXGroup;
			children = (
				E3638B971F1CB35E005EDAF9 /* DTIDFAEvent.h */,
				E3638B981F1CB35E005EDAF9 /* DTIDFAEvent.m */,
			);
			path = events;
			sourceTree = "<group>";
		};
		E3F4A7A7153D8C110057A446 = {
			isa = PBXGroup;
			children = (
				E3F4A7B7153D8C110057A446 /* IDFA */,
				E3F4A7B4153D8C110057A446 /* Frameworks */,
				E3F4A7B3153D8C110057A446 /* Products */,
			);
			sourceTree = "<group>";
		};
		E3F4A7B3153D8C110057A446 /* Products */ = {
			isa = PBXGroup;
			children = (
				E3F4A7B2153D8C110057A446 /* libIDFA.a */,
			);
			name = Products;
			sourceTree = "<group>";
		};
		E3F4A7B4153D8C110057A446 /* Frameworks */ = {
			isa = PBXGroup;
			children = (
				E32A9E0C24BD6DD900D9FF4C /* CoreNativeExtension.xcframework */,
				E33692DA17CF44850021F35A /* UIKit.framework */,
				E3F4A7B5153D8C110057A446 /* Foundation.framework */,
			);
			name = Frameworks;
			sourceTree = "<group>";
		};
		E3F4A7B7153D8C110057A446 /* IDFA */ = {
			isa = PBXGroup;
			children = (
				E3F4A7BB153D8C110057A446 /* IDFA.m */,
				E3638B911F1CB34C005EDAF9 /* controller */,
				E3638B941F1CB34C005EDAF9 /* events */,
				E3F4A7B8153D8C110057A446 /* Supporting Files */,
				E34D85B21BB0D81B000DA3F9 /* DTIDFATag.h */,
				E34D85B81BB0D88D000DA3F9 /* DTIDFAEventDispatcher.h */,
				E34D85B91BB0D88D000DA3F9 /* DTIDFAEventDispatcher.m */,
				E33ED8A91BBD15AE00D23A8C /* DTIDFAEventDispatcherDelegate.h */,
			);
			path = IDFA;
			sourceTree = "<group>";
		};
		E3F4A7B8153D8C110057A446 /* Supporting Files */ = {
			isa = PBXGroup;
			children = (
				E3F4A7C2153D8C4A0057A446 /* FlashRuntimeExtensions.h */,
				E3F4A7B9153D8C110057A446 /* IDFA-Prefix.pch */,
			);
			name = "Supporting Files";
			sourceTree = "<group>";
		};
/* End PBXGroup section */

/* Begin PBXHeadersBuildPhase section */
		E3F4A7B0153D8C110057A446 /* Headers */ = {
			isa = PBXHeadersBuildPhase;
			buildActionMask = 2147483647;
			files = (
				E34D85BA1BB0D88D000DA3F9 /* DTIDFAEventDispatcher.h in Headers */,
				E3F4A7C3153D8C4A0057A446 /* FlashRuntimeExtensions.h in Headers */,
				E33ED8AA1BBD15AE00D23A8C /* DTIDFAEventDispatcherDelegate.h in Headers */,
				E3638B991F1CB35E005EDAF9 /* DTIDFAEvent.h in Headers */,
				E34D85B31BB0D81B000DA3F9 /* DTIDFATag.h in Headers */,
				E3638B951F1CB34C005EDAF9 /* DTIDFAController.h in Headers */,
			);
			runOnlyForDeploymentPostprocessing = 0;
		};
/* End PBXHeadersBuildPhase section */

/* Begin PBXNativeTarget section */
		E3F4A7B1153D8C110057A446 /* IDFA */ = {
			isa = PBXNativeTarget;
			buildConfigurationList = E3F4A7BF153D8C110057A446 /* Build configuration list for PBXNativeTarget "IDFA" */;
			buildPhases = (
				E3F4A7AE153D8C110057A446 /* Sources */,
				E3F4A7AF153D8C110057A446 /* Frameworks */,
				E3F4A7B0153D8C110057A446 /* Headers */,
			);
			buildRules = (
			);
			dependencies = (
			);
			name = IDFA;
			productName = IDFA;
			productReference = E3F4A7B2153D8C110057A446 /* libIDFA.a */;
			productType = "com.apple.product-type.library.static";
		};
/* End PBXNativeTarget section */

/* Begin PBXProject section */
		E3F4A7A9153D8C110057A446 /* Project object */ = {
			isa = PBXProject;
			attributes = {
				LastUpgradeCheck = 1140;
				ORGANIZATIONNAME = distriqt;
			};
			buildConfigurationList = E3F4A7AC153D8C110057A446 /* Build configuration list for PBXProject "IDFA" */;
			compatibilityVersion = "Xcode 3.2";
			developmentRegion = en;
			hasScannedForEncodings = 0;
			knownRegions = (
				en,
				Base,
			);
			mainGroup = E3F4A7A7153D8C110057A446;
			productRefGroup = E3F4A7B3153D8C110057A446 /* Products */;
			projectDirPath = "";
			projectRoot = "";
			targets = (
				E3F4A7B1153D8C110057A446 /* IDFA */,
			);
		};
/* End PBXProject section */

/* Begin PBXSourcesBuildPhase section */
		E3F4A7AE153D8C110057A446 /* Sources */ = {
			isa = PBXSourcesBuildPhase;
			buildActionMask = 2147483647;
			files = (
				E3638B961F1CB34C005EDAF9 /* DTIDFAController.m in Sources */,
				E3F4A7BC153D8C110057A446 /* IDFA.m in Sources */,
				E3638B9A1F1CB35E005EDAF9 /* DTIDFAEvent.m in Sources */,
				E34D85BB1BB0D88D000DA3F9 /* DTIDFAEventDispatcher.m in Sources */,
			);
			runOnlyForDeploymentPostprocessing = 0;
		};
/* End PBXSourcesBuildPhase section */

/* Begin XCBuildConfiguration section */
		E3F4A7BD153D8C110057A446 /* Debug */ = {
			isa = XCBuildConfiguration;
			buildSettings = {
				ALWAYS_SEARCH_USER_PATHS = NO;
				CLANG_ANALYZER_LOCALIZABILITY_NONLOCALIZED = YES;
				CLANG_ENABLE_OBJC_ARC = YES;
				CLANG_WARN_BLOCK_CAPTURE_AUTORELEASING = YES;
				CLANG_WARN_BOOL_CONVERSION = YES;
				CLANG_WARN_COMMA = YES;
				CLANG_WARN_CONSTANT_CONVERSION = YES;
				CLANG_WARN_DEPRECATED_OBJC_IMPLEMENTATIONS = YES;
				CLANG_WARN_EMPTY_BODY = YES;
				CLANG_WARN_ENUM_CONVERSION = YES;
				CLANG_WARN_INFINITE_RECURSION = YES;
				CLANG_WARN_INT_CONVERSION = YES;
				CLANG_WARN_NON_LITERAL_NULL_CONVERSION = YES;
				CLANG_WARN_OBJC_IMPLICIT_RETAIN_SELF = YES;
				CLANG_WARN_OBJC_LITERAL_CONVERSION = YES;
				CLANG_WARN_RANGE_LOOP_ANALYSIS = YES;
				CLANG_WARN_STRICT_PROTOTYPES = YES;
				CLANG_WARN_SUSPICIOUS_MOVE = YES;
				CLANG_WARN_UNREACHABLE_CODE = YES;
				CLANG_WARN__DUPLICATE_METHOD_MATCH = YES;
				COPY_PHASE_STRIP = NO;
				ENABLE_STRICT_OBJC_MSGSEND = YES;
				ENABLE_TESTABILITY = YES;
				FRAMEWORK_SEARCH_PATHS = /Users/marchbold/work/distriqt/extensions/supportlibs/corelibraries/build/ios;
				GCC_C_LANGUAGE_STANDARD = gnu99;
				GCC_NO_COMMON_BLOCKS = YES;
				GCC_OPTIMIZATION_LEVEL = 0;
				GCC_PREPROCESSOR_DEFINITIONS = (
					"DEBUG=1",
					"$(inherited)",
				);
				GCC_SYMBOLS_PRIVATE_EXTERN = NO;
				GCC_THUMB_SUPPORT = NO;
				GCC_VERSION = com.apple.compilers.llvm.clang.1_0;
				GCC_WARN_64_TO_32_BIT_CONVERSION = YES;
				GCC_WARN_ABOUT_RETURN_TYPE = YES;
				GCC_WARN_UNDECLARED_SELECTOR = YES;
				GCC_WARN_UNINITIALIZED_AUTOS = YES;
				GCC_WARN_UNUSED_FUNCTION = YES;
				GCC_WARN_UNUSED_VARIABLE = YES;
				IPHONEOS_DEPLOYMENT_TARGET = 8.0;
				ONLY_ACTIVE_ARCH = YES;
				SDKROOT = iphoneos;
			};
			name = Debug;
		};
		E3F4A7BE153D8C110057A446 /* Release */ = {
			isa = XCBuildConfiguration;
			buildSettings = {
				ALWAYS_SEARCH_USER_PATHS = NO;
				CLANG_ANALYZER_LOCALIZABILITY_NONLOCALIZED = YES;
				CLANG_ENABLE_OBJC_ARC = YES;
				CLANG_WARN_BLOCK_CAPTURE_AUTORELEASING = YES;
				CLANG_WARN_BOOL_CONVERSION = YES;
				CLANG_WARN_COMMA = YES;
				CLANG_WARN_CONSTANT_CONVERSION = YES;
				CLANG_WARN_DEPRECATED_OBJC_IMPLEMENTATIONS = YES;
				CLANG_WARN_EMPTY_BODY = YES;
				CLANG_WARN_ENUM_CONVERSION = YES;
				CLANG_WARN_INFINITE_RECURSION = YES;
				CLANG_WARN_INT_CONVERSION = YES;
				CLANG_WARN_NON_LITERAL_NULL_CONVERSION = YES;
				CLANG_WARN_OBJC_IMPLICIT_RETAIN_SELF = YES;
				CLANG_WARN_OBJC_LITERAL_CONVERSION = YES;
				CLANG_WARN_RANGE_LOOP_ANALYSIS = YES;
				CLANG_WARN_STRICT_PROTOTYPES = YES;
				CLANG_WARN_SUSPICIOUS_MOVE = YES;
				CLANG_WARN_UNREACHABLE_CODE = YES;
				CLANG_WARN__DUPLICATE_METHOD_MATCH = YES;
				COPY_PHASE_STRIP = YES;
				ENABLE_STRICT_OBJC_MSGSEND = YES;
				FRAMEWORK_SEARCH_PATHS = /Users/marchbold/work/distriqt/extensions/supportlibs/corelibraries/build/ios;
				GCC_C_LANGUAGE_STANDARD = gnu99;
				GCC_NO_COMMON_BLOCKS = YES;
				GCC_THUMB_SUPPORT = NO;
				GCC_VERSION = com.apple.compilers.llvm.clang.1_0;
				GCC_WARN_64_TO_32_BIT_CONVERSION = YES;
				GCC_WARN_ABOUT_RETURN_TYPE = YES;
				GCC_WARN_UNDECLARED_SELECTOR = YES;
				GCC_WARN_UNINITIALIZED_AUTOS = YES;
				GCC_WARN_UNUSED_FUNCTION = YES;
				GCC_WARN_UNUSED_VARIABLE = YES;
				IPHONEOS_DEPLOYMENT_TARGET = 8.0;
				SDKROOT = iphoneos;
				VALIDATE_PRODUCT = YES;
			};
			name = Release;
		};
		E3F4A7C0153D8C110057A446 /* Debug */ = {
			isa = XCBuildConfiguration;
			buildSettings = {
				DSTROOT = /tmp/IDFA.dst;
				FRAMEWORK_SEARCH_PATHS = "$(inherited)";
				GCC_PRECOMPILE_PREFIX_HEADER = YES;
				GCC_PREFIX_HEADER = "IDFA/IDFA-Prefix.pch";
				GCC_THUMB_SUPPORT = NO;
				OTHER_LDFLAGS = "-ObjC";
				PRODUCT_NAME = "$(TARGET_NAME)";
				SKIP_INSTALL = YES;
				SUPPORTED_PLATFORMS = "iphonesimulator iphoneos appletvos";
			};
			name = Debug;
		};
		E3F4A7C1153D8C110057A446 /* Release */ = {
			isa = XCBuildConfiguration;
			buildSettings = {
				DSTROOT = /tmp/IDFA.dst;
				FRAMEWORK_SEARCH_PATHS = "$(inherited)";
				GCC_PRECOMPILE_PREFIX_HEADER = YES;
				GCC_PREFIX_HEADER = "IDFA/IDFA-Prefix.pch";
				GCC_THUMB_SUPPORT = NO;
				OTHER_LDFLAGS = "-ObjC";
				PRODUCT_NAME = "$(TARGET_NAME)";
				SKIP_INSTALL = YES;
				SUPPORTED_PLATFORMS = "iphonesimulator iphoneos appletvos";
			};
			name = Release;
		};
/* End XCBuildConfiguration section */

/* Begin XCConfigurationList section */
		E3F4A7AC153D8C110057A446 /* Build configuration list for PBXProject "IDFA" */ = {
			isa = XCConfigurationList;
			buildConfigurations = (
				E3F4A7BD153D8C110057A446 /* Debug */,
				E3F4A7BE153D8C110057A446 /* Release */,
			);
			defaultConfigurationIsVisible = 0;
			defaultConfigurationName = Release;
		};
		E3F4A7BF153D8C110057A446 /* Build configuration list for PBXNativeTarget "IDFA" */ = {
			isa = XCConfigurationList;
			buildConfigurations = (
				E3F4A7C0153D8C110057A446 /* Debug */,
				E3F4A7C1153D8C110057A446 /* Release */,
			);
			defaultConfigurationIsVisible = 0;
			defaultConfigurationName = Release;
		};
/* End XCConfigurationList section */
	};
	rootObject = E3F4A7A9153D8C110057A446 /* Project object */;
}
